# This file is automatically @generated by Cargo.
# It is not intended for manual editing.
version = 3

[[package]]
name = "ast"
version = "0.1.0"

[[package]]
name = "compiler"
version = "0.1.0"
dependencies = [
 "vm",
]

[[package]]
name = "core"
version = "0.1.0"
dependencies = [
 "ast",
 "errors",
 "syntax",
]

[[package]]
name = "errors"
version = "0.1.0"
dependencies = [
 "ast",
]

[[package]]
name = "syntax"
version = "0.1.0"
dependencies = [
 "ast",
 "errors",
]

[[package]]
name = "vision"
version = "0.1.0"
dependencies = [
 "compiler",
 "core",
 "syntax",
 "vm",
]

[[package]]
name = "vm"
version = "0.1.0"
